
Microsoft Visual Studio Solution File, Format Version 12.00
# Visual Studio Version 17
VisualStudioVersion = 17.6.33829.357
MinimumVisualStudioVersion = 10.0.40219.1
Project("{FAE04EC0-301F-11D3-BF4B-00C04F79EFBC}") = "MVCDers-001", "MVCDers-001\MVCDers-001.csproj", "{3C5DD33B-6F18-4F18-BEB9-72A473B4EE32}"
EndProject
Project("{FAE04EC0-301F-11D3-BF4B-00C04F79EFBC}") = "MVCCSharp", "MVCCSharp\MVCCSharp.csproj", "{6B6EFB7C-2283-4C47-8BFC-715015E67F8A}"
EndProject
Project("{FAE04EC0-301F-11D3-BF4B-00C04F79EFBC}") = "MVCView", "MVCView\MVCView.csproj", "{FABA0683-1555-4349-A30B-9FF512757E6B}"
EndProject
Global
	GlobalSection(SolutionConfigurationPlatforms) = preSolution
		Debug|Any CPU = Debug|Any CPU
		Release|Any CPU = Release|Any CPU
	EndGlobalSection
	GlobalSection(ProjectConfigurationPlatforms) = postSolution
		{3C5DD33B-6F18-4F18-BEB9-72A473B4EE32}.Debug|Any CPU.ActiveCfg = Debug|Any CPU
		{3C5DD33B-6F18-4F18-BEB9-72A473B4EE32}.Debug|Any CPU.Build.0 = Debug|Any CPU
		{3C5DD33B-6F18-4F18-BEB9-72A473B4EE32}.Release|Any CPU.ActiveCfg = Release|Any CPU
		{3C5DD33B-6F18-4F18-BEB9-72A473B4EE32}.Release|Any CPU.Build.0 = Release|Any CPU
		{6B6EFB7C-2283-4C47-8BFC-715015E67F8A}.Debug|Any CPU.ActiveCfg = Debug|Any CPU
		{6B6EFB7C-2283-4C47-8BFC-715015E67F8A}.Debug|Any CPU.Build.0 = Debug|Any CPU
		{6B6EFB7C-2283-4C47-8BFC-715015E67F8A}.Release|Any CPU.ActiveCfg = Release|Any CPU
		{6B6EFB7C-2283-4C47-8BFC-715015E67F8A}.Release|Any CPU.Build.0 = Release|Any CPU
		{FABA0683-1555-4349-A30B-9FF512757E6B}.Debug|Any CPU.ActiveCfg = Debug|Any CPU
		{FABA0683-1555-4349-A30B-9FF512757E6B}.Debug|Any CPU.Build.0 = Debug|Any CPU
		{FABA0683-1555-4349-A30B-9FF512757E6B}.Release|Any CPU.ActiveCfg = Release|Any CPU
		{FABA0683-1555-4349-A30B-9FF512757E6B}.Release|Any CPU.Build.0 = Release|Any CPU
	EndGlobalSection
	GlobalSection(SolutionProperties) = preSolution
		HideSolutionNode = FALSE
	EndGlobalSection
	GlobalSection(ExtensibilityGlobals) = postSolution
		SolutionGuid = {AC857D5E-7926-4408-814D-794FB80ECFEE}
	EndGlobalSection
EndGlobal
